
Microsoft Visual Studio Solution File, Format Version 12.00
# Visual Studio Version 16
VisualStudioVersion = 16.0.31702.278
MinimumVisualStudioVersion = 10.0.40219.1
Project("{FAE04EC0-301F-11D3-BF4B-00C04F79EFBC}") = "ComputeAverageApp", "ComputeAverageApp.csproj", "{5D0F1E7D-C26D-4532-B32F-778542DFF452}"
EndProject
Global
	GlobalSection(SolutionConfigurationPlatforms) = preSolution
		Debug|Any CPU = Debug|Any CPU
		Release|Any CPU = Release|Any CPU
	EndGlobalSection
	GlobalSection(ProjectConfigurationPlatforms) = postSolution
		{5D0F1E7D-C26D-4532-B32F-778542DFF452}.Debug|Any CPU.ActiveCfg = Debug|Any CPU
		{5D0F1E7D-C26D-4532-B32F-778542DFF452}.Debug|Any CPU.Build.0 = Debug|Any CPU
		{5D0F1E7D-C26D-4532-B32F-778542DFF452}.Release|Any CPU.ActiveCfg = Release|Any CPU
		{5D0F1E7D-C26D-4532-B32F-778542DFF452}.Release|Any CPU.Build.0 = Release|Any CPU
	EndGlobalSection
	GlobalSection(SolutionProperties) = preSolution
		HideSolutionNode = FALSE
	EndGlobalSection
	GlobalSection(ExtensibilityGlobals) = postSolution
		SolutionGuid = {2B55C10B-1AFD-4CC6-9D9F-0D76853A995B}
	EndGlobalSection
EndGlobal
